{
  "nodes": {
    "dictconfig": {
      "inputs": {
        "nixpkgs": [
          "nixpkgs"
        ]
      },
      "locked": {
        "lastModified": 1632181948,
        "narHash": "sha256-Nyft4gpgu+k37fdeMKZQ6p7WLRAmsVEyOgNji3aU394=",
        "owner": "eldridgejm",
        "repo": "dictconfig",
        "rev": "de1b3741e46498829ee791d7b04d9585884e55cf",
        "type": "github"
      },
      "original": {
        "owner": "eldridgejm",
        "ref": "master",
        "repo": "dictconfig",
        "type": "github"
      }
    },
    "nixpkgs": {
      "locked": {
        "lastModified": 1622516815,
        "narHash": "sha256-ZjBd81a6J3TwtlBr3rHsZspYUwT9OdhDk+a/SgSEf7I=",
        "owner": "NixOS",
        "repo": "nixpkgs",
        "rev": "7e9b0dff974c89e070da1ad85713ff3c20b0ca97",
        "type": "github"
      },
      "original": {
        "owner": "NixOS",
        "ref": "21.05",
        "repo": "nixpkgs",
        "type": "github"
      }
    },
    "root": {
      "inputs": {
        "dictconfig": "dictconfig",
        "nixpkgs": "nixpkgs"
      }
    }
  },
  "root": "root",
  "version": 7
}
