{
  "nodes": {
    "dictconfig": {
      "inputs": {
        "nixpkgs": [
          "nixpkgs"
        ]
      },
      "locked": {
        "lastModified": 1631818824,
        "narHash": "sha256-NyvxNN9/06oALjzKL1Pw0ATKdGY10yB8Ri1fa4BbOVs=",
        "owner": "eldridgejm",
        "repo": "dictconfig",
        "rev": "b9c0b92c6f2cdff29e57bd7fff3b0b48d444b3fc",
        "type": "github"
      },
      "original": {
        "owner": "eldridgejm",
        "ref": "master",
        "repo": "dictconfig",
        "type": "github"
      }
    },
    "nixpkgs": {
      "locked": {
        "lastModified": 1587398327,
        "narHash": "sha256-mEKkeLgUrzAsdEaJ/1wdvYn0YZBAKEG3AN21koD2AgU=",
        "owner": "NixOS",
        "repo": "nixpkgs",
        "rev": "5272327b81ed355bbed5659b8d303cf2979b6953",
        "type": "github"
      },
      "original": {
        "owner": "NixOS",
        "ref": "20.03",
        "repo": "nixpkgs",
        "type": "github"
      }
    },
    "root": {
      "inputs": {
        "dictconfig": "dictconfig",
        "nixpkgs": "nixpkgs"
      }
    }
  },
  "root": "root",
  "version": 7
}
